
Microsoft Visual Studio Solution File, Format Version 12.00
# Visual Studio Version 17
VisualStudioVersion = 17.7.34009.444
MinimumVisualStudioVersion = 10.0.40219.1
Project("{8BC9CEB8-8B4A-11D0-8D11-00A0C91BC942}") = "PG2_shooting", "PG2_shooting.vcxproj", "{36071281-8B4F-42D3-857B-0AF4951659B1}"
EndProject
Global
	GlobalSection(SolutionConfigurationPlatforms) = preSolution
		Debug|x64 = Debug|x64
		Release|x64 = Release|x64
	EndGlobalSection
	GlobalSection(ProjectConfigurationPlatforms) = postSolution
		{36071281-8B4F-42D3-857B-0AF4951659B1}.Debug|x64.ActiveCfg = Debug|x64
		{36071281-8B4F-42D3-857B-0AF4951659B1}.Debug|x64.Build.0 = Debug|x64
		{36071281-8B4F-42D3-857B-0AF4951659B1}.Release|x64.ActiveCfg = Release|x64
		{36071281-8B4F-42D3-857B-0AF4951659B1}.Release|x64.Build.0 = Release|x64
	EndGlobalSection
	GlobalSection(SolutionProperties) = preSolution
		HideSolutionNode = FALSE
	EndGlobalSection
	GlobalSection(ExtensibilityGlobals) = postSolution
		SolutionGuid = {8DE4682E-B7E4-447A-8337-E4A60CC42633}
	EndGlobalSection
EndGlobal
